
GITHUB
  remote: google/flatbuffers
  specs:
    net/FlatBuffers/ByteBuffer.cs (4390254e6a85bfd280829d0c2d2eb21654aca04f)
    net/FlatBuffers/FlatBufferBuilder.cs (4390254e6a85bfd280829d0c2d2eb21654aca04f)
    net/FlatBuffers/FlatBufferConstants.cs (4390254e6a85bfd280829d0c2d2eb21654aca04f)
    net/FlatBuffers/Struct.cs (4390254e6a85bfd280829d0c2d2eb21654aca04f)
    net/FlatBuffers/Table.cs (4390254e6a85bfd280829d0c2d2eb21654aca04f)